
Microsoft Visual Studio Solution File, Format Version 12.00
# Visual Studio Version 16
VisualStudioVersion = 16.0.30907.101
MinimumVisualStudioVersion = 10.0.40219.1
Project("{9A19103F-16F7-4668-BE54-9A1E7A4F7556}") = "TeamService", "TeamService\TeamService.csproj", "{58845795-C20C-4E37-81E3-F971C379F083}"
EndProject
Project("{9A19103F-16F7-4668-BE54-9A1E7A4F7556}") = "Service", "Logic\Service.csproj", "{F8D7D70C-9D40-42E0-A399-3079D1FA537E}"
EndProject
Project("{9A19103F-16F7-4668-BE54-9A1E7A4F7556}") = "Model", "Models\Model.csproj", "{281FE48D-2BD7-4A4D-9492-62AE0F003D41}"
EndProject
Project("{9A19103F-16F7-4668-BE54-9A1E7A4F7556}") = "Repo", "Repo\Repo.csproj", "{8DD1A109-9F2B-464B-AFC3-ED0ED16CFBD7}"
EndProject
Global
	GlobalSection(SolutionConfigurationPlatforms) = preSolution
		Debug|Any CPU = Debug|Any CPU
		Release|Any CPU = Release|Any CPU
	EndGlobalSection
	GlobalSection(ProjectConfigurationPlatforms) = postSolution
		{58845795-C20C-4E37-81E3-F971C379F083}.Debug|Any CPU.ActiveCfg = Debug|Any CPU
		{58845795-C20C-4E37-81E3-F971C379F083}.Debug|Any CPU.Build.0 = Debug|Any CPU
		{58845795-C20C-4E37-81E3-F971C379F083}.Release|Any CPU.ActiveCfg = Release|Any CPU
		{58845795-C20C-4E37-81E3-F971C379F083}.Release|Any CPU.Build.0 = Release|Any CPU
		{F8D7D70C-9D40-42E0-A399-3079D1FA537E}.Debug|Any CPU.ActiveCfg = Debug|Any CPU
		{F8D7D70C-9D40-42E0-A399-3079D1FA537E}.Debug|Any CPU.Build.0 = Debug|Any CPU
		{F8D7D70C-9D40-42E0-A399-3079D1FA537E}.Release|Any CPU.ActiveCfg = Release|Any CPU
		{F8D7D70C-9D40-42E0-A399-3079D1FA537E}.Release|Any CPU.Build.0 = Release|Any CPU
		{281FE48D-2BD7-4A4D-9492-62AE0F003D41}.Debug|Any CPU.ActiveCfg = Debug|Any CPU
		{281FE48D-2BD7-4A4D-9492-62AE0F003D41}.Debug|Any CPU.Build.0 = Debug|Any CPU
		{281FE48D-2BD7-4A4D-9492-62AE0F003D41}.Release|Any CPU.ActiveCfg = Release|Any CPU
		{281FE48D-2BD7-4A4D-9492-62AE0F003D41}.Release|Any CPU.Build.0 = Release|Any CPU
		{8DD1A109-9F2B-464B-AFC3-ED0ED16CFBD7}.Debug|Any CPU.ActiveCfg = Debug|Any CPU
		{8DD1A109-9F2B-464B-AFC3-ED0ED16CFBD7}.Debug|Any CPU.Build.0 = Debug|Any CPU
		{8DD1A109-9F2B-464B-AFC3-ED0ED16CFBD7}.Release|Any CPU.ActiveCfg = Release|Any CPU
		{8DD1A109-9F2B-464B-AFC3-ED0ED16CFBD7}.Release|Any CPU.Build.0 = Release|Any CPU
	EndGlobalSection
	GlobalSection(SolutionProperties) = preSolution
		HideSolutionNode = FALSE
	EndGlobalSection
	GlobalSection(ExtensibilityGlobals) = postSolution
		SolutionGuid = {358BEBBE-FF28-474E-AACE-A177B7E6B2D2}
	EndGlobalSection
EndGlobal
